{
  "name": "JustWatchProject",
  "lockfileVersion": 2,
  "requires": true,
  "packages": {
    "": {
      "dependencies": {
        "talkjs": "^0.15.2"
      }
    },
    "node_modules/talkjs": {
      "version": "0.15.2",
      "resolved": "https://registry.npmjs.org/talkjs/-/talkjs-0.15.2.tgz",
      "integrity": "sha512-WUFQ8MShloSZgi+Ux+DcCHbUQO6DHINa4x4BXH3Ad5EwXWfCPQbSC48TrRSOdMhmzTAy0fi6n7Y6IOaqZ1ZuuA=="
    }
  },
  "dependencies": {
    "talkjs": {
      "version": "0.15.2",
      "resolved": "https://registry.npmjs.org/talkjs/-/talkjs-0.15.2.tgz",
      "integrity": "sha512-WUFQ8MShloSZgi+Ux+DcCHbUQO6DHINa4x4BXH3Ad5EwXWfCPQbSC48TrRSOdMhmzTAy0fi6n7Y6IOaqZ1ZuuA=="
    }
  }
}
